github.com/santosh1608/filter v0.0.1 h1:UI8SWlDocEojAXv81BqPyrzfv7diebLfyiLwv3xBAXo=
github.com/santosh1608/filter v0.0.1/go.mod h1:UybIgxf3JczOru00dVED+lzOYirkfgjujkGEeXv3jdc=
github.com/santosh1608/filter v0.0.4 h1:5C7rwHjoOplQt0F68cim/xHG6Dm88HkRyPzZwYNkK3w=
github.com/santosh1608/filter v0.0.4/go.mod h1:UybIgxf3JczOru00dVED+lzOYirkfgjujkGEeXv3jdc=
